
Microsoft Visual Studio Solution File, Format Version 12.00
# Visual Studio Version 17
VisualStudioVersion = 17.14.36408.4 d17.14
MinimumVisualStudioVersion = 10.0.40219.1
Project("{FAE04EC0-301F-11D3-BF4B-00C04F79EFBC}") = "Assigment02LINQ", "Assigment02LINQ\Assigment02LINQ.csproj", "{175755D2-34E9-4BE9-BEA7-785617E59C5C}"
EndProject
Global
	GlobalSection(SolutionConfigurationPlatforms) = preSolution
		Debug|Any CPU = Debug|Any CPU
		Release|Any CPU = Release|Any CPU
	EndGlobalSection
	GlobalSection(ProjectConfigurationPlatforms) = postSolution
		{175755D2-34E9-4BE9-BEA7-785617E59C5C}.Debug|Any CPU.ActiveCfg = Debug|Any CPU
		{175755D2-34E9-4BE9-BEA7-785617E59C5C}.Debug|Any CPU.Build.0 = Debug|Any CPU
		{175755D2-34E9-4BE9-BEA7-785617E59C5C}.Release|Any CPU.ActiveCfg = Release|Any CPU
		{175755D2-34E9-4BE9-BEA7-785617E59C5C}.Release|Any CPU.Build.0 = Release|Any CPU
	EndGlobalSection
	GlobalSection(SolutionProperties) = preSolution
		HideSolutionNode = FALSE
	EndGlobalSection
	GlobalSection(ExtensibilityGlobals) = postSolution
		SolutionGuid = {58963BF8-A342-492A-8FE9-9A604C3177BA}
	EndGlobalSection
EndGlobal
